// !$*UTF8*$!
{
	archiveVersion = 1;
	classes = {
	};
	objectVersion = 56;
	objects = {

/* Begin PBXBuildFile section */
		F7DAC61A2C1C2988006937A0 /* foodApp.swift in Sources */ = {isa = PBXBuildFile; fileRef = F7DAC6192C1C2988006937A0 /* foodApp.swift */; };
		F7DAC61C2C1C2988006937A0 /* ContentView.swift in Sources */ = {isa = PBXBuildFile; fileRef = F7DAC61B2C1C2988006937A0 /* ContentView.swift */; };
		F7DAC61E2C1C2989006937A0 /* Assets.xcassets in Resources */ = {isa = PBXBuildFile; fileRef = F7DAC61D2C1C2989006937A0 /* Assets.xcassets */; };
		F7DAC6212C1C2989006937A0 /* Preview Assets.xcassets in Resources */ = {isa = PBXBuildFile; fileRef = F7DAC6202C1C2989006937A0 /* Preview Assets.xcassets */; };
		F7DAC62C2C1C3985006937A0 /* FoodListView.swift in Sources */ = {isa = PBXBuildFile; fileRef = F7DAC62B2C1C3985006937A0 /* FoodListView.swift */; };
		F7DAC6302C1C3F48006937A0 /* FoodAPI.swift in Sources */ = {isa = PBXBuildFile; fileRef = F7DAC62F2C1C3F48006937A0 /* FoodAPI.swift */; };
		F7DAC6332C1C460E006937A0 /* WebService.swift in Sources */ = {isa = PBXBuildFile; fileRef = F7DAC6322C1C460E006937A0 /* WebService.swift */; };
		F7DAC6352C1C462F006937A0 /* NetworkError.swift in Sources */ = {isa = PBXBuildFile; fileRef = F7DAC6342C1C462F006937A0 /* NetworkError.swift */; };
		F7DAC6382C1C4694006937A0 /* FoodCategoryModel.swift in Sources */ = {isa = PBXBuildFile; fileRef = F7DAC6372C1C4694006937A0 /* FoodCategoryModel.swift */; };
		F7DAC63A2C1C51C5006937A0 /* ServerResponseModel.swift in Sources */ = {isa = PBXBuildFile; fileRef = F7DAC6392C1C51C4006937A0 /* ServerResponseModel.swift */; };
		F7DAC63D2C1C5770006937A0 /* ThumbnailView.swift in Sources */ = {isa = PBXBuildFile; fileRef = F7DAC63C2C1C5770006937A0 /* ThumbnailView.swift */; };
/* End PBXBuildFile section */

/* Begin PBXFileReference section */
		F7DAC6162C1C2988006937A0 /* food.app */ = {isa = PBXFileReference; explicitFileType = wrapper.application; includeInIndex = 0; path = food.app; sourceTree = BUILT_PRODUCTS_DIR; };
		F7DAC6192C1C2988006937A0 /* foodApp.swift */ = {isa = PBXFileReference; lastKnownFileType = sourcecode.swift; path = foodApp.swift; sourceTree = "<group>"; };
		F7DAC61B2C1C2988006937A0 /* ContentView.swift */ = {isa = PBXFileReference; lastKnownFileType = sourcecode.swift; path = ContentView.swift; sourceTree = "<group>"; };
		F7DAC61D2C1C2989006937A0 /* Assets.xcassets */ = {isa = PBXFileReference; lastKnownFileType = folder.assetcatalog; path = Assets.xcassets; sourceTree = "<group>"; };
		F7DAC6202C1C2989006937A0 /* Preview Assets.xcassets */ = {isa = PBXFileReference; lastKnownFileType = folder.assetcatalog; path = "Preview Assets.xcassets"; sourceTree = "<group>"; };
		F7DAC62B2C1C3985006937A0 /* FoodListView.swift */ = {isa = PBXFileReference; lastKnownFileType = sourcecode.swift; path = FoodListView.swift; sourceTree = "<group>"; };
		F7DAC62F2C1C3F48006937A0 /* FoodAPI.swift */ = {isa = PBXFileReference; lastKnownFileType = sourcecode.swift; path = FoodAPI.swift; sourceTree = "<group>"; };
		F7DAC6322C1C460E006937A0 /* WebService.swift */ = {isa = PBXFileReference; lastKnownFileType = sourcecode.swift; path = WebService.swift; sourceTree = "<group>"; };
		F7DAC6342C1C462F006937A0 /* NetworkError.swift */ = {isa = PBXFileReference; lastKnownFileType = sourcecode.swift; path = NetworkError.swift; sourceTree = "<group>"; };
		F7DAC6372C1C4694006937A0 /* FoodCategoryModel.swift */ = {isa = PBXFileReference; lastKnownFileType = sourcecode.swift; path = FoodCategoryModel.swift; sourceTree = "<group>"; };
		F7DAC6392C1C51C4006937A0 /* ServerResponseModel.swift */ = {isa = PBXFileReference; lastKnownFileType = sourcecode.swift; path = ServerResponseModel.swift; sourceTree = "<group>"; };
		F7DAC63C2C1C5770006937A0 /* ThumbnailView.swift */ = {isa = PBXFileReference; lastKnownFileType = sourcecode.swift; path = ThumbnailView.swift; sourceTree = "<group>"; };
/* End PBXFileReference section */

/* Begin PBXFrameworksBuildPhase section */
		F7DAC6132C1C2988006937A0 /* Frameworks */ = {
			isa = PBXFrameworksBuildPhase;
			buildActionMask = 2147483647;
			files = (
			);
			runOnlyForDeploymentPostprocessing = 0;
		};
/* End PBXFrameworksBuildPhase section */

/* Begin PBXGroup section */
		F7DAC60D2C1C2988006937A0 = {
			isa = PBXGroup;
			children = (
				F7DAC6182C1C2988006937A0 /* food */,
				F7DAC6172C1C2988006937A0 /* Products */,
			);
			sourceTree = "<group>";
		};
		F7DAC6172C1C2988006937A0 /* Products */ = {
			isa = PBXGroup;
			children = (
				F7DAC6162C1C2988006937A0 /* food.app */,
			);
			name = Products;
			sourceTree = "<group>";
		};
		F7DAC6182C1C2988006937A0 /* food */ = {
			isa = PBXGroup;
			children = (
				F7DAC62D2C1C3F29006937A0 /* logic */,
				F7DAC62A2C1C394C006937A0 /* views */,
				F7DAC6192C1C2988006937A0 /* foodApp.swift */,
				F7DAC61B2C1C2988006937A0 /* ContentView.swift */,
				F7DAC61D2C1C2989006937A0 /* Assets.xcassets */,
				F7DAC61F2C1C2989006937A0 /* Preview Content */,
			);
			path = food;
			sourceTree = "<group>";
		};
		F7DAC61F2C1C2989006937A0 /* Preview Content */ = {
			isa = PBXGroup;
			children = (
				F7DAC6202C1C2989006937A0 /* Preview Assets.xcassets */,
			);
			path = "Preview Content";
			sourceTree = "<group>";
		};
		F7DAC62A2C1C394C006937A0 /* views */ = {
			isa = PBXGroup;
			children = (
				F7DAC63B2C1C5749006937A0 /* FoodList */,
			);
			path = views;
			sourceTree = "<group>";
		};
		F7DAC62D2C1C3F29006937A0 /* logic */ = {
			isa = PBXGroup;
			children = (
				F7DAC6312C1C4604006937A0 /* helper */,
				F7DAC6362C1C468A006937A0 /* model */,
				F7DAC62E2C1C3F33006937A0 /* api */,
			);
			path = logic;
			sourceTree = "<group>";
		};
		F7DAC62E2C1C3F33006937A0 /* api */ = {
			isa = PBXGroup;
			children = (
				F7DAC62F2C1C3F48006937A0 /* FoodAPI.swift */,
			);
			path = api;
			sourceTree = "<group>";
		};
		F7DAC6312C1C4604006937A0 /* helper */ = {
			isa = PBXGroup;
			children = (
				F7DAC6322C1C460E006937A0 /* WebService.swift */,
				F7DAC6342C1C462F006937A0 /* NetworkError.swift */,
			);
			path = helper;
			sourceTree = "<group>";
		};
		F7DAC6362C1C468A006937A0 /* model */ = {
			isa = PBXGroup;
			children = (
				F7DAC6372C1C4694006937A0 /* FoodCategoryModel.swift */,
				F7DAC6392C1C51C4006937A0 /* ServerResponseModel.swift */,
			);
			path = model;
			sourceTree = "<group>";
		};
		F7DAC63B2C1C5749006937A0 /* FoodList */ = {
			isa = PBXGroup;
			children = (
				F7DAC62B2C1C3985006937A0 /* FoodListView.swift */,
				F7DAC63C2C1C5770006937A0 /* ThumbnailView.swift */,
			);
			name = FoodList;
			sourceTree = "<group>";
		};
/* End PBXGroup section */

/* Begin PBXNativeTarget section */
		F7DAC6152C1C2988006937A0 /* food */ = {
			isa = PBXNativeTarget;
			buildConfigurationList = F7DAC6242C1C2989006937A0 /* Build configuration list for PBXNativeTarget "food" */;
			buildPhases = (
				F7DAC6122C1C2988006937A0 /* Sources */,
				F7DAC6132C1C2988006937A0 /* Frameworks */,
				F7DAC6142C1C2988006937A0 /* Resources */,
			);
			buildRules = (
			);
			dependencies = (
			);
			name = food;
			productName = food;
			productReference = F7DAC6162C1C2988006937A0 /* food.app */;
			productType = "com.apple.product-type.application";
		};
/* End PBXNativeTarget section */

/* Begin PBXProject section */
		F7DAC60E2C1C2988006937A0 /* Project object */ = {
			isa = PBXProject;
			attributes = {
				BuildIndependentTargetsInParallel = 1;
				LastSwiftUpdateCheck = 1540;
				LastUpgradeCheck = 1540;
				TargetAttributes = {
					F7DAC6152C1C2988006937A0 = {
						CreatedOnToolsVersion = 15.4;
					};
				};
			};
			buildConfigurationList = F7DAC6112C1C2988006937A0 /* Build configuration list for PBXProject "food" */;
			compatibilityVersion = "Xcode 14.0";
			developmentRegion = en;
			hasScannedForEncodings = 0;
			knownRegions = (
				en,
				Base,
			);
			mainGroup = F7DAC60D2C1C2988006937A0;
			productRefGroup = F7DAC6172C1C2988006937A0 /* Products */;
			projectDirPath = "";
			projectRoot = "";
			targets = (
				F7DAC6152C1C2988006937A0 /* food */,
			);
		};
/* End PBXProject section */

/* Begin PBXResourcesBuildPhase section */
		F7DAC6142C1C2988006937A0 /* Resources */ = {
			isa = PBXResourcesBuildPhase;
			buildActionMask = 2147483647;
			files = (
				F7DAC6212C1C2989006937A0 /* Preview Assets.xcassets in Resources */,
				F7DAC61E2C1C2989006937A0 /* Assets.xcassets in Resources */,
			);
			runOnlyForDeploymentPostprocessing = 0;
		};
/* End PBXResourcesBuildPhase section */

/* Begin PBXSourcesBuildPhase section */
		F7DAC6122C1C2988006937A0 /* Sources */ = {
			isa = PBXSourcesBuildPhase;
			buildActionMask = 2147483647;
			files = (
				F7DAC62C2C1C3985006937A0 /* FoodListView.swift in Sources */,
				F7DAC61C2C1C2988006937A0 /* ContentView.swift in Sources */,
				F7DAC6302C1C3F48006937A0 /* FoodAPI.swift in Sources */,
				F7DAC63D2C1C5770006937A0 /* ThumbnailView.swift in Sources */,
				F7DAC63A2C1C51C5006937A0 /* ServerResponseModel.swift in Sources */,
				F7DAC6352C1C462F006937A0 /* NetworkError.swift in Sources */,
				F7DAC6382C1C4694006937A0 /* FoodCategoryModel.swift in Sources */,
				F7DAC6332C1C460E006937A0 /* WebService.swift in Sources */,
				F7DAC61A2C1C2988006937A0 /* foodApp.swift in Sources */,
			);
			runOnlyForDeploymentPostprocessing = 0;
		};
/* End PBXSourcesBuildPhase section */

/* Begin XCBuildConfiguration section */
		F7DAC6222C1C2989006937A0 /* Debug */ = {
			isa = XCBuildConfiguration;
			buildSettings = {
				ALWAYS_SEARCH_USER_PATHS = NO;
				ASSETCATALOG_COMPILER_GENERATE_SWIFT_ASSET_SYMBOL_EXTENSIONS = YES;
				CLANG_ANALYZER_NONNULL = YES;
				CLANG_ANALYZER_NUMBER_OBJECT_CONVERSION = YES_AGGRESSIVE;
				CLANG_CXX_LANGUAGE_STANDARD = "gnu++20";
				CLANG_ENABLE_MODULES = YES;
				CLANG_ENABLE_OBJC_ARC = YES;
				CLANG_ENABLE_OBJC_WEAK = YES;
				CLANG_WARN_BLOCK_CAPTURE_AUTORELEASING = YES;
				CLANG_WARN_BOOL_CONVERSION = YES;
				CLANG_WARN_COMMA = YES;
				CLANG_WARN_CONSTANT_CONVERSION = YES;
				CLANG_WARN_DEPRECATED_OBJC_IMPLEMENTATIONS = YES;
				CLANG_WARN_DIRECT_OBJC_ISA_USAGE = YES_ERROR;
				CLANG_WARN_DOCUMENTATION_COMMENTS = YES;
				CLANG_WARN_EMPTY_BODY = YES;
				CLANG_WARN_ENUM_CONVERSION = YES;
				CLANG_WARN_INFINITE_RECURSION = YES;
				CLANG_WARN_INT_CONVERSION = YES;
				CLANG_WARN_NON_LITERAL_NULL_CONVERSION = YES;
				CLANG_WARN_OBJC_IMPLICIT_RETAIN_SELF = YES;
				CLANG_WARN_OBJC_LITERAL_CONVERSION = YES;
				CLANG_WARN_OBJC_ROOT_CLASS = YES_ERROR;
				CLANG_WARN_QUOTED_INCLUDE_IN_FRAMEWORK_HEADER = YES;
				CLANG_WARN_RANGE_LOOP_ANALYSIS = YES;
				CLANG_WARN_STRICT_PROTOTYPES = YES;
				CLANG_WARN_SUSPICIOUS_MOVE = YES;
				CLANG_WARN_UNGUARDED_AVAILABILITY = YES_AGGRESSIVE;
				CLANG_WARN_UNREACHABLE_CODE = YES;
				CLANG_WARN__DUPLICATE_METHOD_MATCH = YES;
				COPY_PHASE_STRIP = NO;
				DEBUG_INFORMATION_FORMAT = dwarf;
				ENABLE_STRICT_OBJC_MSGSEND = YES;
				ENABLE_TESTABILITY = YES;
				ENABLE_USER_SCRIPT_SANDBOXING = YES;
				GCC_C_LANGUAGE_STANDARD = gnu17;
				GCC_DYNAMIC_NO_PIC = NO;
				GCC_NO_COMMON_BLOCKS = YES;
				GCC_OPTIMIZATION_LEVEL = 0;
				GCC_PREPROCESSOR_DEFINITIONS = (
					"DEBUG=1",
					"$(inherited)",
				);
				GCC_WARN_64_TO_32_BIT_CONVERSION = YES;
				GCC_WARN_ABOUT_RETURN_TYPE = YES_ERROR;
				GCC_WARN_UNDECLARED_SELECTOR = YES;
				GCC_WARN_UNINITIALIZED_AUTOS = YES_AGGRESSIVE;
				GCC_WARN_UNUSED_FUNCTION = YES;
				GCC_WARN_UNUSED_VARIABLE = YES;
				IPHONEOS_DEPLOYMENT_TARGET = 17.5;
				LOCALIZATION_PREFERS_STRING_CATALOGS = YES;
				MTL_ENABLE_DEBUG_INFO = INCLUDE_SOURCE;
				MTL_FAST_MATH = YES;
				ONLY_ACTIVE_ARCH = YES;
				SDKROOT = iphoneos;
				SWIFT_ACTIVE_COMPILATION_CONDITIONS = "DEBUG $(inherited)";
				SWIFT_OPTIMIZATION_LEVEL = "-Onone";
			};
			name = Debug;
		};
		F7DAC6232C1C2989006937A0 /* Release */ = {
			isa = XCBuildConfiguration;
			buildSettings = {
				ALWAYS_SEARCH_USER_PATHS = NO;
				ASSETCATALOG_COMPILER_GENERATE_SWIFT_ASSET_SYMBOL_EXTENSIONS = YES;
				CLANG_ANALYZER_NONNULL = YES;
				CLANG_ANALYZER_NUMBER_OBJECT_CONVERSION = YES_AGGRESSIVE;
				CLANG_CXX_LANGUAGE_STANDARD = "gnu++20";
				CLANG_ENABLE_MODULES = YES;
				CLANG_ENABLE_OBJC_ARC = YES;
				CLANG_ENABLE_OBJC_WEAK = YES;
				CLANG_WARN_BLOCK_CAPTURE_AUTORELEASING = YES;
				CLANG_WARN_BOOL_CONVERSION = YES;
				CLANG_WARN_COMMA = YES;
				CLANG_WARN_CONSTANT_CONVERSION = YES;
				CLANG_WARN_DEPRECATED_OBJC_IMPLEMENTATIONS = YES;
				CLANG_WARN_DIRECT_OBJC_ISA_USAGE = YES_ERROR;
				CLANG_WARN_DOCUMENTATION_COMMENTS = YES;
				CLANG_WARN_EMPTY_BODY = YES;
				CLANG_WARN_ENUM_CONVERSION = YES;
				CLANG_WARN_INFINITE_RECURSION = YES;
				CLANG_WARN_INT_CONVERSION = YES;
				CLANG_WARN_NON_LITERAL_NULL_CONVERSION = YES;
				CLANG_WARN_OBJC_IMPLICIT_RETAIN_SELF = YES;
				CLANG_WARN_OBJC_LITERAL_CONVERSION = YES;
				CLANG_WARN_OBJC_ROOT_CLASS = YES_ERROR;
				CLANG_WARN_QUOTED_INCLUDE_IN_FRAMEWORK_HEADER = YES;
				CLANG_WARN_RANGE_LOOP_ANALYSIS = YES;
				CLANG_WARN_STRICT_PROTOTYPES = YES;
				CLANG_WARN_SUSPICIOUS_MOVE = YES;
				CLANG_WARN_UNGUARDED_AVAILABILITY = YES_AGGRESSIVE;
				CLANG_WARN_UNREACHABLE_CODE = YES;
				CLANG_WARN__DUPLICATE_METHOD_MATCH = YES;
				COPY_PHASE_STRIP = NO;
				DEBUG_INFORMATION_FORMAT = "dwarf-with-dsym";
				ENABLE_NS_ASSERTIONS = NO;
				ENABLE_STRICT_OBJC_MSGSEND = YES;
				ENABLE_USER_SCRIPT_SANDBOXING = YES;
				GCC_C_LANGUAGE_STANDARD = gnu17;
				GCC_NO_COMMON_BLOCKS = YES;
				GCC_WARN_64_TO_32_BIT_CONVERSION = YES;
				GCC_WARN_ABOUT_RETURN_TYPE = YES_ERROR;
				GCC_WARN_UNDECLARED_SELECTOR = YES;
				GCC_WARN_UNINITIALIZED_AUTOS = YES_AGGRESSIVE;
				GCC_WARN_UNUSED_FUNCTION = YES;
				GCC_WARN_UNUSED_VARIABLE = YES;
				IPHONEOS_DEPLOYMENT_TARGET = 17.5;
				LOCALIZATION_PREFERS_STRING_CATALOGS = YES;
				MTL_ENABLE_DEBUG_INFO = NO;
				MTL_FAST_MATH = YES;
				SDKROOT = iphoneos;
				SWIFT_COMPILATION_MODE = wholemodule;
				VALIDATE_PRODUCT = YES;
			};
			name = Release;
		};
		F7DAC6252C1C2989006937A0 /* Debug */ = {
			isa = XCBuildConfiguration;
			buildSettings = {
				ASSETCATALOG_COMPILER_APPICON_NAME = AppIcon;
				ASSETCATALOG_COMPILER_GLOBAL_ACCENT_COLOR_NAME = AccentColor;
				CODE_SIGN_STYLE = Automatic;
				CURRENT_PROJECT_VERSION = 1;
				DEVELOPMENT_ASSET_PATHS = "\"food/Preview Content\"";
				ENABLE_PREVIEWS = YES;
				GENERATE_INFOPLIST_FILE = YES;
				INFOPLIST_KEY_UIApplicationSceneManifest_Generation = YES;
				INFOPLIST_KEY_UIApplicationSupportsIndirectInputEvents = YES;
				INFOPLIST_KEY_UILaunchScreen_Generation = YES;
				INFOPLIST_KEY_UISupportedInterfaceOrientations_iPad = "UIInterfaceOrientationPortrait UIInterfaceOrientationPortraitUpsideDown UIInterfaceOrientationLandscapeLeft UIInterfaceOrientationLandscapeRight";
				INFOPLIST_KEY_UISupportedInterfaceOrientations_iPhone = "UIInterfaceOrientationPortrait UIInterfaceOrientationLandscapeLeft UIInterfaceOrientationLandscapeRight";
				LD_RUNPATH_SEARCH_PATHS = (
					"$(inherited)",
					"@executable_path/Frameworks",
				);
				MARKETING_VERSION = 1.0;
				PRODUCT_BUNDLE_IDENTIFIER = com.janetschel.jesd.food;
				PRODUCT_NAME = "$(TARGET_NAME)";
				SWIFT_EMIT_LOC_STRINGS = YES;
				SWIFT_VERSION = 5.0;
				TARGETED_DEVICE_FAMILY = "1,2";
			};
			name = Debug;
		};
		F7DAC6262C1C2989006937A0 /* Release */ = {
			isa = XCBuildConfiguration;
			buildSettings = {
				ASSETCATALOG_COMPILER_APPICON_NAME = AppIcon;
				ASSETCATALOG_COMPILER_GLOBAL_ACCENT_COLOR_NAME = AccentColor;
				CODE_SIGN_STYLE = Automatic;
				CURRENT_PROJECT_VERSION = 1;
				DEVELOPMENT_ASSET_PATHS = "\"food/Preview Content\"";
				ENABLE_PREVIEWS = YES;
				GENERATE_INFOPLIST_FILE = YES;
				INFOPLIST_KEY_UIApplicationSceneManifest_Generation = YES;
				INFOPLIST_KEY_UIApplicationSupportsIndirectInputEvents = YES;
				INFOPLIST_KEY_UILaunchScreen_Generation = YES;
				INFOPLIST_KEY_UISupportedInterfaceOrientations_iPad = "UIInterfaceOrientationPortrait UIInterfaceOrientationPortraitUpsideDown UIInterfaceOrientationLandscapeLeft UIInterfaceOrientationLandscapeRight";
				INFOPLIST_KEY_UISupportedInterfaceOrientations_iPhone = "UIInterfaceOrientationPortrait UIInterfaceOrientationLandscapeLeft UIInterfaceOrientationLandscapeRight";
				LD_RUNPATH_SEARCH_PATHS = (
					"$(inherited)",
					"@executable_path/Frameworks",
				);
				MARKETING_VERSION = 1.0;
				PRODUCT_BUNDLE_IDENTIFIER = com.janetschel.jesd.food;
				PRODUCT_NAME = "$(TARGET_NAME)";
				SWIFT_EMIT_LOC_STRINGS = YES;
				SWIFT_VERSION = 5.0;
				TARGETED_DEVICE_FAMILY = "1,2";
			};
			name = Release;
		};
/* End XCBuildConfiguration section */

/* Begin XCConfigurationList section */
		F7DAC6112C1C2988006937A0 /* Build configuration list for PBXProject "food" */ = {
			isa = XCConfigurationList;
			buildConfigurations = (
				F7DAC6222C1C2989006937A0 /* Debug */,
				F7DAC6232C1C2989006937A0 /* Release */,
			);
			defaultConfigurationIsVisible = 0;
			defaultConfigurationName = Release;
		};
		F7DAC6242C1C2989006937A0 /* Build configuration list for PBXNativeTarget "food" */ = {
			isa = XCConfigurationList;
			buildConfigurations = (
				F7DAC6252C1C2989006937A0 /* Debug */,
				F7DAC6262C1C2989006937A0 /* Release */,
			);
			defaultConfigurationIsVisible = 0;
			defaultConfigurationName = Release;
		};
/* End XCConfigurationList section */
	};
	rootObject = F7DAC60E2C1C2988006937A0 /* Project object */;
}
